# Generated by conda-lock.
# platform: win-64
# input_hash: 1b83a8dc51df59f23a702f98da09a177925bff159d902cd65aea68d2b29ebc73
@EXPLICIT
https://conda.anaconda.org/conda-forge/win-64/ca-certificates-2024.6.2-h56e8100_0.conda#12a3a2b3a00a21bbb390d4de5ad8dd0f
https://conda.anaconda.org/conda-forge/win-64/intel-openmp-2024.1.0-h57928b3_966.conda#35d7ea07ad6c878bd7240d2d6c1b8657
https://conda.anaconda.org/conda-forge/win-64/libexpat-2.6.2-h63175ca_0.conda#bc592d03f62779511d392c175dcece64
https://conda.anaconda.org/conda-forge/noarch/pybind11-abi-4-hd8ed1ab_3.tar.bz2#878f923dd6acc8aeb47a75da6c4098be
https://conda.anaconda.org/conda-forge/win-64/python_abi-3.11-4_cp311.conda#70513332c71b56eace4ee6441e66c012
https://conda.anaconda.org/conda-forge/noarch/tzdata-2024a-h0c530f3_0.conda#161081fc7cec0bfda0d86d7cb595f8d8
https://conda.anaconda.org/conda-forge/win-64/ucrt-10.0.22621.0-h57928b3_0.tar.bz2#72608f6cd3e5898229c3ea16deb1ac43
https://conda.anaconda.org/conda-forge/win-64/vc14_runtime-14.40.33810-ha82c5b3_20.conda#e39cc4c34c53654ec939558993d9dc5b
https://conda.anaconda.org/conda-forge/win-64/vc-14.3-h8a93ad2_20.conda#8558f367e1d7700554f7cdb823c46faf
https://conda.anaconda.org/conda-forge/win-64/vs2015_runtime-14.40.33810-h3bf8584_20.conda#c21f1b4a3a30bbc3ef35a50957578e0e
https://conda.anaconda.org/conda-forge/win-64/bzip2-1.0.8-hcfcfb64_5.conda#26eb8ca6ea332b675e11704cce84a3be
https://conda.anaconda.org/conda-forge/win-64/fmt-10.2.1-h181d51b_0.conda#4253b572559cc775cae49def5c97b3c0
https://conda.anaconda.org/conda-forge/win-64/libffi-3.4.2-h8ffe710_5.tar.bz2#2c96d1b6915b408893f9472569dee135
https://conda.anaconda.org/conda-forge/win-64/libiconv-1.17-hcfcfb64_2.conda#e1eb10b1cca179f2baa3601e4efc8712
https://conda.anaconda.org/conda-forge/win-64/libsqlite-3.45.3-hcfcfb64_0.conda#73f5dc8e2d55d9a1e14b11f49c3b4a28
https://conda.anaconda.org/conda-forge/win-64/libzlib-1.3.1-h2466b09_1.conda#d4483ca8afc57ddf1f6dded53b36c17f
https://conda.anaconda.org/conda-forge/win-64/lz4-c-1.9.4-hcfcfb64_0.conda#e34720eb20a33fc3bfb8451dd837ab7a
https://conda.anaconda.org/conda-forge/win-64/lzo-2.10-hcfcfb64_1001.conda#629f4f4e874cf096eb93a23240910cee
https://conda.anaconda.org/conda-forge/win-64/openssl-3.3.1-h2466b09_0.conda#27fe798366ef3a81715b13eedf699e2f
https://conda.anaconda.org/conda-forge/win-64/pthreads-win32-2.9.1-hfa6e2cd_3.tar.bz2#e2da8758d7d51ff6aa78a14dfb9dbed4
https://conda.anaconda.org/conda-forge/win-64/reproc-14.2.4.post0-hcfcfb64_1.conda#887478162e563ea09451b19c22b1605b
https://conda.anaconda.org/conda-forge/win-64/tk-8.6.13-h5226925_1.conda#fc048363eb8f03cd1737600a5d08aafe
https://conda.anaconda.org/conda-forge/win-64/xz-5.2.6-h8d14728_0.tar.bz2#515d77642eaa3639413c6b1bc3f94219
https://conda.anaconda.org/conda-forge/win-64/yaml-0.2.5-h8ffe710_2.tar.bz2#adbfb9f45d1004a26763652246a33764
https://conda.anaconda.org/conda-forge/win-64/yaml-cpp-0.8.0-h63175ca_0.conda#9032e2129ea7afcc1a8e3d85715a931d
https://conda.anaconda.org/conda-forge/win-64/krb5-1.21.2-heb0366b_0.conda#6e8b0f22b4eef3b3cb3849bb4c3d47f9
https://conda.anaconda.org/conda-forge/win-64/libsolv-0.7.29-h0ea2cb4_0.conda#47b8822c19115417209db2f67ec21f69
https://conda.anaconda.org/conda-forge/win-64/libssh2-1.11.0-h7dfc565_0.conda#dc262d03aae04fe26825062879141a41
https://conda.anaconda.org/conda-forge/win-64/libxml2-2.12.7-h283a6d9_1.conda#7ab2653cc21c44a1370ef3b409261b3d
https://conda.anaconda.org/conda-forge/win-64/python-3.11.9-h631f459_0_cpython.conda#d7ed1e7c4e2dcdfd4599bd42c0613e6c
https://conda.anaconda.org/conda-forge/win-64/reproc-cpp-14.2.4.post0-h63175ca_1.conda#12fcd53cef836a4128c65c464ebb09d7
https://conda.anaconda.org/conda-forge/win-64/zstd-1.5.6-h0ea2cb4_0.conda#9a17230f95733c04dc40a2b1e5491d74
https://conda.anaconda.org/conda-forge/noarch/appdirs-1.4.4-pyh9f0ad1d_0.tar.bz2#5f095bc6454094e96f146491fd03633b
https://conda.anaconda.org/conda-forge/noarch/archspec-0.2.3-pyhd8ed1ab_0.conda#192278292e20704f663b9c766909d67b
https://conda.anaconda.org/conda-forge/noarch/attrs-23.2.0-pyh71513ae_0.conda#5e4c0743c70186509d1412e03c2d8dfa
https://conda.anaconda.org/conda-forge/noarch/boltons-24.0.0-pyhd8ed1ab_0.conda#61de176bd62041f9cd5bd4fcd09eb0ff
https://conda.anaconda.org/conda-forge/win-64/brotli-python-1.1.0-py311h12c1d0e_1.conda#42fbf4e947c17ea605e6a4d7f526669a
https://conda.anaconda.org/conda-forge/noarch/cachy-0.3.0-pyhd8ed1ab_1.tar.bz2#5dfee17f24e2dfd18d7392b48c9351e2
https://conda.anaconda.org/conda-forge/noarch/certifi-2024.2.2-pyhd8ed1ab_0.conda#0876280e409658fc6f9e75d035960333
https://conda.anaconda.org/conda-forge/noarch/charset-normalizer-3.3.2-pyhd8ed1ab_0.conda#7f4a9e3fcff3f6356ae99244a014da6a
https://conda.anaconda.org/conda-forge/noarch/colorama-0.4.6-pyhd8ed1ab_0.tar.bz2#3faab06a954c2a04039983f2c4a50d99
https://conda.anaconda.org/conda-forge/noarch/crashtest-0.4.1-pyhd8ed1ab_0.tar.bz2#709a2295dd907bb34afb57d54320642f
https://conda.anaconda.org/conda-forge/noarch/distlib-0.3.8-pyhd8ed1ab_0.conda#db16c66b759a64dc5183d69cc3745a52
https://conda.anaconda.org/conda-forge/noarch/distro-1.9.0-pyhd8ed1ab_0.conda#bbdb409974cd6cb30071b1d978302726
https://conda.anaconda.org/conda-forge/noarch/filelock-3.14.0-pyhd8ed1ab_0.conda#831d85ae0acfba31b8efd0f0d07da736
https://conda.anaconda.org/conda-forge/win-64/frozendict-2.4.4-py311he736701_0.conda#7af090045ead110a2a57beef6908572e
https://conda.anaconda.org/conda-forge/noarch/idna-3.7-pyhd8ed1ab_0.conda#c0cc1420498b17414d8617d0b9f506ca
https://conda.anaconda.org/conda-forge/win-64/jsonpointer-2.4-py311h1ea47a8_3.conda#db8fc59f9215e668e602f769d0bf67bb
https://conda.anaconda.org/conda-forge/win-64/libarchive-3.7.4-haf234dc_0.conda#86de12ebf8d7fffeba4ca9dbf13e9733
https://conda.anaconda.org/conda-forge/win-64/libcurl-8.8.0-hd5e4a3a_0.conda#4f86149dc6228f1e5617faa2cce90f94
https://conda.anaconda.org/conda-forge/win-64/libhwloc-2.10.0-default_h8125262_1001.conda#e761885eb4c181074d172220d46319a0
https://conda.anaconda.org/conda-forge/win-64/markupsafe-2.1.5-py311ha68e1ae_0.conda#07da1326e2837e055ef6f44ef3334b0a
https://conda.anaconda.org/conda-forge/win-64/menuinst-2.1.0-py311hda3d55a_0.conda#503b2e0bdfb0d6b5ec096560c224addb
https://conda.anaconda.org/conda-forge/noarch/more-itertools-10.2.0-pyhd8ed1ab_0.conda#d5c98e9706fdc5328d49a9bf2ce5fb42
https://conda.anaconda.org/conda-forge/win-64/msgpack-python-1.0.8-py311h3257749_0.conda#25ab436993969840e7c521197c044300
https://conda.anaconda.org/conda-forge/noarch/packaging-24.0-pyhd8ed1ab_0.conda#248f521b64ce055e7feae3105e7abeb8
https://conda.anaconda.org/conda-forge/noarch/pastel-0.2.1-pyhd8ed1ab_0.tar.bz2#a4eea5bff523f26442405bc5d1f52adb
https://conda.anaconda.org/conda-forge/noarch/pkginfo-1.11.1-pyhd8ed1ab_0.conda#6a3e4fb1396215d0d88b3cc2f09de412
https://conda.anaconda.org/conda-forge/noarch/pkgutil-resolve-name-1.3.10-pyhd8ed1ab_1.conda#405678b942f2481cecdb3e010f4925d9
https://conda.anaconda.org/conda-forge/noarch/pluggy-1.5.0-pyhd8ed1ab_0.conda#d3483c8fc2dc2cc3f5cf43e26d60cabf
https://conda.anaconda.org/conda-forge/noarch/poetry-core-1.7.0-pyhd8ed1ab_0.conda#d624bb07aadaeb06a840cb60f924a43f
https://conda.anaconda.org/conda-forge/noarch/ptyprocess-0.7.0-pyhd3deb0d_0.tar.bz2#359eeb6536da0e687af562ed265ec263
https://conda.anaconda.org/conda-forge/win-64/pycosat-0.6.6-py311ha68e1ae_0.conda#beaebb9595065ca64bcce57a6b3ab2fd
https://conda.anaconda.org/conda-forge/noarch/pycparser-2.22-pyhd8ed1ab_0.conda#844d9eb3b43095b031874477f7d70088
https://conda.anaconda.org/conda-forge/noarch/pylev-1.4.0-pyhd8ed1ab_0.tar.bz2#edf8651c4379d9d1495ad6229622d150
https://conda.anaconda.org/conda-forge/win-64/pyrsistent-0.20.0-py311ha68e1ae_0.conda#714feda9c353fa1ced16f11dc1fbf62a
https://conda.anaconda.org/conda-forge/noarch/python-installer-0.7.0-pyhd8ed1ab_0.conda#65dea78f903d686c8b0c2feaf0e15e1f
https://conda.anaconda.org/conda-forge/win-64/pywin32-ctypes-0.2.2-py311h1ea47a8_1.conda#e1270294a55b716f9b76900340e8fc82
https://conda.anaconda.org/conda-forge/win-64/pyyaml-6.0.1-py311ha68e1ae_1.conda#2b4128962cd665153e946f2a88667a3b
https://conda.anaconda.org/conda-forge/win-64/ruamel.yaml.clib-0.2.8-py311ha68e1ae_0.conda#4938101fc72fa2a9919c51f194a733cb
https://conda.anaconda.org/conda-forge/noarch/setuptools-70.0.0-pyhd8ed1ab_0.conda#c8ddb4f34a208df4dd42509a0f6a1c89
https://conda.anaconda.org/conda-forge/noarch/shellingham-1.5.4-pyhd8ed1ab_0.conda#d08db09a552699ee9e7eec56b4eb3899
https://conda.anaconda.org/conda-forge/noarch/six-1.16.0-pyh6c4a22f_0.tar.bz2#e5f25f8dbc060e9a8d912e432202afc2
https://conda.anaconda.org/conda-forge/noarch/smmap-5.0.0-pyhd8ed1ab_0.tar.bz2#62f26a3d1387acee31322208f0cfa3e0
https://conda.anaconda.org/conda-forge/noarch/tomli-2.0.1-pyhd8ed1ab_0.tar.bz2#5844808ffab9ebdb694585b50ba02a96
https://conda.anaconda.org/conda-forge/noarch/tomlkit-0.12.5-pyha770c72_0.conda#e5dde5caf905e9d95895e05f94967e14
https://conda.anaconda.org/conda-forge/noarch/toolz-0.12.1-pyhd8ed1ab_0.conda#2fcb582444635e2c402e8569bb94e039
https://conda.anaconda.org/conda-forge/noarch/trove-classifiers-2024.5.22-pyhd8ed1ab_0.conda#a887538e7f6697ed52a487dbaa0ebff5
https://conda.anaconda.org/conda-forge/noarch/truststore-0.8.0-pyhd8ed1ab_0.conda#08316d001eca8854392cf2837828ea11
https://conda.anaconda.org/conda-forge/noarch/typing_extensions-4.12.2-pyha770c72_0.conda#ebe6952715e1d5eb567eeebf25250fa7
https://conda.anaconda.org/conda-forge/noarch/webencodings-0.5.1-pyhd8ed1ab_2.conda#daf5160ff9cde3a468556965329085b9
https://conda.anaconda.org/conda-forge/noarch/wheel-0.43.0-pyhd8ed1ab_1.conda#0b5293a157c2b5cd513dd1b03d8d3aae
https://conda.anaconda.org/conda-forge/noarch/win_inet_pton-1.1.0-pyhd8ed1ab_6.tar.bz2#30878ecc4bd36e8deeea1e3c151b2e0b
https://conda.anaconda.org/conda-forge/noarch/zipp-3.18.0-pyhd8ed1ab_0.conda#2e61972bc7d40a7e2394cf663ee6ff63
https://conda.anaconda.org/conda-forge/win-64/cffi-1.16.0-py311ha68e1ae_0.conda#d109d6e767c4890ea32880b8bfa4a3b6
https://conda.anaconda.org/conda-forge/noarch/click-8.1.7-win_pyh7428d3b_0.conda#3549ecbceb6cd77b91a105511b7d0786
https://conda.anaconda.org/conda-forge/noarch/clikit-0.6.2-pyhd8ed1ab_2.conda#02abb7b66b02e8b9f5a9b05454400087
https://conda.anaconda.org/conda-forge/noarch/gitdb-4.0.11-pyhd8ed1ab_0.conda#623b19f616f2ca0c261441067e18ae40
https://conda.anaconda.org/conda-forge/noarch/html5lib-1.1-pyh9f0ad1d_0.tar.bz2#b2355343d6315c892543200231d7154a
https://conda.anaconda.org/conda-forge/noarch/importlib-metadata-7.1.0-pyha770c72_0.conda#0896606848b2dc5cebdf111b6543aa04
https://conda.anaconda.org/conda-forge/noarch/importlib_resources-6.4.0-pyhd8ed1ab_0.conda#c5d3907ad8bd7bf557521a1833cf7e6d
https://conda.anaconda.org/conda-forge/noarch/jaraco.classes-3.4.0-pyhd8ed1ab_1.conda#7b756504d362cbad9b73a50a5455cafd
https://conda.anaconda.org/conda-forge/noarch/jinja2-3.1.4-pyhd8ed1ab_0.conda#7b86ecb7d3557821c649b3c31e3eb9f2
https://conda.anaconda.org/conda-forge/noarch/jsonpatch-1.33-pyhd8ed1ab_0.conda#bfdb7c5c6ad1077c82a69a8642c87aff
https://conda.anaconda.org/conda-forge/win-64/libmamba-1.5.8-h3f09ed1_0.conda#2adef6fd3e61ac2f8b31f47159a65bd5
https://conda.anaconda.org/conda-forge/noarch/pexpect-4.9.0-pyhd8ed1ab_0.conda#629f3203c99b32e0988910c93e77f3b6
https://conda.anaconda.org/conda-forge/noarch/pip-24.0-pyhd8ed1ab_0.conda#f586ac1e56c8638b64f9c8122a7b8a67
https://conda.anaconda.org/conda-forge/noarch/poetry-plugin-export-1.6.0-pyhd8ed1ab_0.conda#1f2184db9f337d1074b1d5769165cac9
https://conda.anaconda.org/conda-forge/noarch/pyproject_hooks-1.1.0-pyhd8ed1ab_0.conda#03736d8ced74deece64e54be348ddd3e
https://conda.anaconda.org/conda-forge/noarch/pysocks-1.7.1-pyh0701188_6.tar.bz2#56cd9fe388baac0e90c7149cfac95b60
https://conda.anaconda.org/conda-forge/win-64/ruamel.yaml-0.18.6-py311ha68e1ae_0.conda#d471ed4194d2e3aa016278223a8fa52c
https://conda.anaconda.org/conda-forge/win-64/tbb-2021.12.0-hc790b64_1.conda#e98333643abc739ebea1bac97a479828
https://conda.anaconda.org/conda-forge/noarch/tqdm-4.66.4-pyhd8ed1ab_0.conda#e74cd796e70a4261f86699ee0a3a7a24
https://conda.anaconda.org/conda-forge/noarch/typing-extensions-4.12.2-hd8ed1ab_0.conda#52d648bd608f5737b123f510bb5514b5
https://conda.anaconda.org/conda-forge/noarch/annotated-types-0.7.0-pyhd8ed1ab_0.conda#7e9f4612544c8edbfd6afad17f1bd045
https://conda.anaconda.org/conda-forge/noarch/click-default-group-1.2.4-pyhd8ed1ab_0.conda#7c2b6931f9b3548ed78478332095c3e9
https://conda.anaconda.org/conda-forge/noarch/gitpython-3.1.43-pyhd8ed1ab_0.conda#0b2154c1818111e17381b1df5b4b0176
https://conda.anaconda.org/conda-forge/noarch/importlib_metadata-7.1.0-hd8ed1ab_0.conda#6ef2b72d291b39e479d7694efa2b2b98
https://conda.anaconda.org/conda-forge/noarch/jsonschema-4.17.3-pyhd8ed1ab_0.conda#723268a468177cd44568eb8f794e0d80
https://conda.anaconda.org/conda-forge/win-64/libmambapy-1.5.8-py311h0317a69_0.conda#415052ee52e2a470d3927fe76b67d4d1
https://conda.anaconda.org/conda-forge/win-64/mkl-2024.1.0-h66d3029_692.conda#b43ec7ed045323edeff31e348eea8652
https://conda.anaconda.org/conda-forge/noarch/platformdirs-3.11.0-pyhd8ed1ab_0.conda#8f567c0a74aa44cf732f15773b4083b0
https://conda.anaconda.org/conda-forge/win-64/pydantic-core-2.18.4-py311h533ab2d_0.conda#e91b2e309604559af562f15b19e39917
https://conda.anaconda.org/conda-forge/noarch/python-build-0.10.0-pyhd8ed1ab_1.conda#0ab47ce574f6a8bcb9f2076436e7fedb
https://conda.anaconda.org/conda-forge/noarch/urllib3-1.26.18-pyhd8ed1ab_0.conda#bf61cfd2a7f212efba378167a07d4a6a
https://conda.anaconda.org/conda-forge/win-64/zstandard-0.19.0-py311ha68e1ae_0.tar.bz2#94114ffe0cad9e1e704e2c0015c8aa87
https://conda.anaconda.org/conda-forge/noarch/conda-package-streaming-0.10.0-pyhd8ed1ab_0.conda#3480386e00995f7a1dfb3b9aa2fe70fd
https://conda.anaconda.org/conda-forge/win-64/dulwich-0.21.7-py311ha68e1ae_0.conda#5f655072ebf00d582a31c2fd1cabdd59
https://conda.anaconda.org/conda-forge/win-64/keyring-24.3.1-py311h1ea47a8_0.conda#db08d7c7dcc18062bf25c65d72db14ee
https://conda.anaconda.org/conda-forge/win-64/libblas-3.9.0-22_win64_mkl.conda#65c56ecdeceffd6c32d3d54db7e02c6e
https://conda.anaconda.org/conda-forge/noarch/pydantic-2.7.3-pyhd8ed1ab_0.conda#a883413646e6a5b60e738769f58f0850
https://conda.anaconda.org/conda-forge/noarch/requests-2.32.3-pyhd8ed1ab_0.conda#5ede4753180c7a550a443c430dc8ab52
https://conda.anaconda.org/conda-forge/noarch/virtualenv-20.26.2-pyhd8ed1ab_0.conda#7d36e7a485ea2f5829408813bdbbfb38
https://conda.anaconda.org/conda-forge/noarch/cachecontrol-0.13.1-pyhd8ed1ab_0.conda#174bd699bb5aa9e2622eb4b288276ff8
https://conda.anaconda.org/conda-forge/noarch/conda-package-handling-2.3.0-pyh7900ff3_0.conda#0a7dce281ae2be81acab0aa963e6bb99
https://conda.anaconda.org/conda-forge/noarch/ensureconda-1.4.4-pyhd8ed1ab_0.conda#e54a91c3a65491b13c68f7696425bac8
https://conda.anaconda.org/conda-forge/win-64/libcblas-3.9.0-22_win64_mkl.conda#336c93ab102846c6131cf68e722a68f1
https://conda.anaconda.org/conda-forge/win-64/liblapack-3.9.0-22_win64_mkl.conda#c752cc2af9f3d8d7b2fdebb915a33ef7
https://conda.anaconda.org/conda-forge/noarch/requests-toolbelt-1.0.0-pyhd8ed1ab_0.conda#99c98318c8646b08cc764f90ce98906e
https://conda.anaconda.org/conda-forge/noarch/cachecontrol-with-filecache-0.13.1-pyhd8ed1ab_0.conda#8c4781ca0893cff3a64423954ce234a1
https://conda.anaconda.org/conda-forge/win-64/numpy-1.26.4-py311h0b4df5a_0.conda#7b240edd44fd7a0991aa409b07cee776
https://conda.anaconda.org/conda-forge/noarch/conda-lock-2.5.7-pyhd8ed1ab_0.conda#154d0c643be6a9ce6fbe655d007d8e4e
https://conda.anaconda.org/conda-forge/win-64/rapidfuzz-3.9.3-py311hda3d55a_0.conda#df887bc4a7e89fb1e3b65ef8735b1118
https://conda.anaconda.org/conda-forge/noarch/cleo-2.1.0-pyhd8ed1ab_0.conda#69569ea8a6d1465193345a40421d138b
https://conda.anaconda.org/conda-forge/noarch/poetry-1.6.1-win_pyh7428d3b_0.conda#44564fece6184bb43d39907de47f1b9a
https://conda.anaconda.org/conda-forge/win-64/conda-24.5.0-py311h1ea47a8_0.conda#41b87d65919231345852d9ca9b445322
https://conda.anaconda.org/conda-forge/noarch/conda-libmamba-solver-24.1.0-pyhd8ed1ab_0.conda#304dc78ad6e52e0fd663df1d484c1531
https://conda.anaconda.org/conda-forge/win-64/mamba-1.5.8-py311h8cb466b_0.conda#7cb3eda0426e6a48bfacb6caaba19de7
